
Microsoft Visual Studio Solution File, Format Version 12.00
# Visual Studio Version 16
VisualStudioVersion = 16.0.31129.286
MinimumVisualStudioVersion = 10.0.40219.1
Project("{2150E333-8FDC-42A3-9474-1A3956D46DE8}") = "src", "src", "{C5163D71-007E-42D9-9C80-CC948E80325C}"
EndProject
Project("{2150E333-8FDC-42A3-9474-1A3956D46DE8}") = "FastDev.Infra.Data", "FastDev.Infra.Data", "{9ED07EFD-A1F3-4245-97BB-F3036D342079}"
EndProject
Project("{2150E333-8FDC-42A3-9474-1A3956D46DE8}") = "FastDev.Infra.Data.EntityFrameworkCore", "FastDev.Infra.Data.EntityFrameworkCore", "{38D6A3D1-3E5B-4F71-AC1E-399D8485E8D6}"
EndProject
Project("{FAE04EC0-301F-11D3-BF4B-00C04F79EFBC}") = "FastDev.Infra.Data.EntityFrameworkCore", "src\FastDev.Infra.Data\FastDev.Infra.Data.EntityFrameworkCore\src\FastDev.Infra.Data.EntityFrameworkCore.csproj", "{2D14666A-DAE0-4285-94E4-A5F08E818CBF}"
EndProject
Project("{2150E333-8FDC-42A3-9474-1A3956D46DE8}") = "FastDev.Infra.Data.Core", "FastDev.Infra.Data.Core", "{3E6F44A2-085A-48C6-8F18-B0A7651310A1}"
EndProject
Project("{FAE04EC0-301F-11D3-BF4B-00C04F79EFBC}") = "FastDev.Infra.Data.Core", "src\FastDev.Infra.Data\FastDev.Infra.Data.Core\src\FastDev.Infra.Data.Core.csproj", "{23604FD2-EC5B-429D-8AA5-7C398A6F10E0}"
EndProject
Project("{2150E333-8FDC-42A3-9474-1A3956D46DE8}") = "FastDev.Service", "FastDev.Service", "{060AEDD4-20F5-49D6-8678-79A09911203E}"
EndProject
Project("{FAE04EC0-301F-11D3-BF4B-00C04F79EFBC}") = "FastDev.Service", "src\FastDev.Service\src\FastDev.Service.csproj", "{C8309A12-7C07-4324-AA8E-FCA05AA4A04B}"
EndProject
Project("{2150E333-8FDC-42A3-9474-1A3956D46DE8}") = "FastDev.Notifications", "FastDev.Notifications", "{4BCD2C66-DB74-47BF-83F8-4FE440D41A2C}"
EndProject
Project("{FAE04EC0-301F-11D3-BF4B-00C04F79EFBC}") = "FastDev.Notifications", "src\FastDev.Notifications\src\FastDev.Notifications.csproj", "{B1B5889F-7DA5-41D3-B451-647522F06B10}"
EndProject
Project("{2150E333-8FDC-42A3-9474-1A3956D46DE8}") = "FastDev.WebApi", "FastDev.WebApi", "{2F8DA4BA-7E39-473A-8AF6-FCE6F7148083}"
EndProject
Project("{FAE04EC0-301F-11D3-BF4B-00C04F79EFBC}") = "FastDev.WebApi", "src\FastDev.WebApi\src\FastDev.WebApi.csproj", "{2238554F-E9A8-4F25-B55F-2CD8E5477FF0}"
EndProject
Global
	GlobalSection(SolutionConfigurationPlatforms) = preSolution
		Debug|Any CPU = Debug|Any CPU
		Release|Any CPU = Release|Any CPU
	EndGlobalSection
	GlobalSection(ProjectConfigurationPlatforms) = postSolution
		{2D14666A-DAE0-4285-94E4-A5F08E818CBF}.Debug|Any CPU.ActiveCfg = Debug|Any CPU
		{2D14666A-DAE0-4285-94E4-A5F08E818CBF}.Debug|Any CPU.Build.0 = Debug|Any CPU
		{2D14666A-DAE0-4285-94E4-A5F08E818CBF}.Release|Any CPU.ActiveCfg = Release|Any CPU
		{2D14666A-DAE0-4285-94E4-A5F08E818CBF}.Release|Any CPU.Build.0 = Release|Any CPU
		{23604FD2-EC5B-429D-8AA5-7C398A6F10E0}.Debug|Any CPU.ActiveCfg = Debug|Any CPU
		{23604FD2-EC5B-429D-8AA5-7C398A6F10E0}.Debug|Any CPU.Build.0 = Debug|Any CPU
		{23604FD2-EC5B-429D-8AA5-7C398A6F10E0}.Release|Any CPU.ActiveCfg = Release|Any CPU
		{23604FD2-EC5B-429D-8AA5-7C398A6F10E0}.Release|Any CPU.Build.0 = Release|Any CPU
		{C8309A12-7C07-4324-AA8E-FCA05AA4A04B}.Debug|Any CPU.ActiveCfg = Debug|Any CPU
		{C8309A12-7C07-4324-AA8E-FCA05AA4A04B}.Debug|Any CPU.Build.0 = Debug|Any CPU
		{C8309A12-7C07-4324-AA8E-FCA05AA4A04B}.Release|Any CPU.ActiveCfg = Release|Any CPU
		{C8309A12-7C07-4324-AA8E-FCA05AA4A04B}.Release|Any CPU.Build.0 = Release|Any CPU
		{B1B5889F-7DA5-41D3-B451-647522F06B10}.Debug|Any CPU.ActiveCfg = Debug|Any CPU
		{B1B5889F-7DA5-41D3-B451-647522F06B10}.Debug|Any CPU.Build.0 = Debug|Any CPU
		{B1B5889F-7DA5-41D3-B451-647522F06B10}.Release|Any CPU.ActiveCfg = Release|Any CPU
		{B1B5889F-7DA5-41D3-B451-647522F06B10}.Release|Any CPU.Build.0 = Release|Any CPU
		{2238554F-E9A8-4F25-B55F-2CD8E5477FF0}.Debug|Any CPU.ActiveCfg = Debug|Any CPU
		{2238554F-E9A8-4F25-B55F-2CD8E5477FF0}.Debug|Any CPU.Build.0 = Debug|Any CPU
		{2238554F-E9A8-4F25-B55F-2CD8E5477FF0}.Release|Any CPU.ActiveCfg = Release|Any CPU
		{2238554F-E9A8-4F25-B55F-2CD8E5477FF0}.Release|Any CPU.Build.0 = Release|Any CPU
	EndGlobalSection
	GlobalSection(SolutionProperties) = preSolution
		HideSolutionNode = FALSE
	EndGlobalSection
	GlobalSection(ExtensibilityGlobals) = postSolution
		SolutionGuid = {2A663722-DDC8-486A-9CB2-88FE2D2D0F35}
	EndGlobalSection
	GlobalSection(NestedProjects) = preSolution
		{9ED07EFD-A1F3-4245-97BB-F3036D342079} = {C5163D71-007E-42D9-9C80-CC948E80325C}
		{38D6A3D1-3E5B-4F71-AC1E-399D8485E8D6} = {9ED07EFD-A1F3-4245-97BB-F3036D342079}
		{2D14666A-DAE0-4285-94E4-A5F08E818CBF} = {38D6A3D1-3E5B-4F71-AC1E-399D8485E8D6}
		{3E6F44A2-085A-48C6-8F18-B0A7651310A1} = {9ED07EFD-A1F3-4245-97BB-F3036D342079}
		{23604FD2-EC5B-429D-8AA5-7C398A6F10E0} = {3E6F44A2-085A-48C6-8F18-B0A7651310A1}
		{060AEDD4-20F5-49D6-8678-79A09911203E} = {C5163D71-007E-42D9-9C80-CC948E80325C}
		{C8309A12-7C07-4324-AA8E-FCA05AA4A04B} = {060AEDD4-20F5-49D6-8678-79A09911203E}
		{4BCD2C66-DB74-47BF-83F8-4FE440D41A2C} = {C5163D71-007E-42D9-9C80-CC948E80325C}
		{B1B5889F-7DA5-41D3-B451-647522F06B10} = {4BCD2C66-DB74-47BF-83F8-4FE440D41A2C}
		{2F8DA4BA-7E39-473A-8AF6-FCE6F7148083} = {C5163D71-007E-42D9-9C80-CC948E80325C}
		{2238554F-E9A8-4F25-B55F-2CD8E5477FF0} = {2F8DA4BA-7E39-473A-8AF6-FCE6F7148083}
	EndGlobalSection
EndGlobal
