
Microsoft Visual Studio Solution File, Format Version 12.00
# Visual Studio Version 16
VisualStudioVersion = 16.0.31129.286
MinimumVisualStudioVersion = 10.0.40219.1
Project("{9A19103F-16F7-4668-BE54-9A1E7A4F7556}") = "FastDev.Infra.Data", "FastDev.Infra.Data\FastDev.Infra.Data.csproj", "{9448D015-9D17-4F78-A619-6D502696ACCD}"
EndProject
Project("{9A19103F-16F7-4668-BE54-9A1E7A4F7556}") = "FastDev.Infra.Data.EntityFrameworkCore", "FastDev.Infra.Data.EntityFrameworkCore\FastDev.Infra.Data.EntityFrameworkCore.csproj", "{0770B7FF-39FE-4CE3-9E13-B4EFC9FFFE24}"
EndProject
Project("{FAE04EC0-301F-11D3-BF4B-00C04F79EFBC}") = "FastDev.Service", "FastDev.Service\FastDev.Service.csproj", "{43C4A2C5-86BB-4CFB-A4E6-EBDB36B1F412}"
EndProject
Project("{2150E333-8FDC-42A3-9474-1A3956D46DE8}") = "samples", "samples", "{3FF331AE-17F5-451B-86B4-C1765F081544}"
EndProject
Project("{FAE04EC0-301F-11D3-BF4B-00C04F79EFBC}") = "FastDevCrud.SampleApi", "samples\FastDevCrud.SampleApi\FastDevCrud.SampleApi.csproj", "{CF03BC35-345D-4518-95D4-026A456110C5}"
EndProject
Project("{FAE04EC0-301F-11D3-BF4B-00C04F79EFBC}") = "FastDev.WebApi", "FastDev.WebApi\FastDev.WebApi.csproj", "{9818945E-D227-4553-BADF-AAB8EB58DA03}"
EndProject
Global
	GlobalSection(SolutionConfigurationPlatforms) = preSolution
		Debug|Any CPU = Debug|Any CPU
		Release|Any CPU = Release|Any CPU
	EndGlobalSection
	GlobalSection(ProjectConfigurationPlatforms) = postSolution
		{9448D015-9D17-4F78-A619-6D502696ACCD}.Debug|Any CPU.ActiveCfg = Debug|Any CPU
		{9448D015-9D17-4F78-A619-6D502696ACCD}.Debug|Any CPU.Build.0 = Debug|Any CPU
		{9448D015-9D17-4F78-A619-6D502696ACCD}.Release|Any CPU.ActiveCfg = Release|Any CPU
		{9448D015-9D17-4F78-A619-6D502696ACCD}.Release|Any CPU.Build.0 = Release|Any CPU
		{0770B7FF-39FE-4CE3-9E13-B4EFC9FFFE24}.Debug|Any CPU.ActiveCfg = Debug|Any CPU
		{0770B7FF-39FE-4CE3-9E13-B4EFC9FFFE24}.Debug|Any CPU.Build.0 = Debug|Any CPU
		{0770B7FF-39FE-4CE3-9E13-B4EFC9FFFE24}.Release|Any CPU.ActiveCfg = Release|Any CPU
		{0770B7FF-39FE-4CE3-9E13-B4EFC9FFFE24}.Release|Any CPU.Build.0 = Release|Any CPU
		{43C4A2C5-86BB-4CFB-A4E6-EBDB36B1F412}.Debug|Any CPU.ActiveCfg = Debug|Any CPU
		{43C4A2C5-86BB-4CFB-A4E6-EBDB36B1F412}.Debug|Any CPU.Build.0 = Debug|Any CPU
		{43C4A2C5-86BB-4CFB-A4E6-EBDB36B1F412}.Release|Any CPU.ActiveCfg = Release|Any CPU
		{43C4A2C5-86BB-4CFB-A4E6-EBDB36B1F412}.Release|Any CPU.Build.0 = Release|Any CPU
		{CF03BC35-345D-4518-95D4-026A456110C5}.Debug|Any CPU.ActiveCfg = Debug|Any CPU
		{CF03BC35-345D-4518-95D4-026A456110C5}.Debug|Any CPU.Build.0 = Debug|Any CPU
		{CF03BC35-345D-4518-95D4-026A456110C5}.Release|Any CPU.ActiveCfg = Release|Any CPU
		{CF03BC35-345D-4518-95D4-026A456110C5}.Release|Any CPU.Build.0 = Release|Any CPU
		{9818945E-D227-4553-BADF-AAB8EB58DA03}.Debug|Any CPU.ActiveCfg = Debug|Any CPU
		{9818945E-D227-4553-BADF-AAB8EB58DA03}.Debug|Any CPU.Build.0 = Debug|Any CPU
		{9818945E-D227-4553-BADF-AAB8EB58DA03}.Release|Any CPU.ActiveCfg = Release|Any CPU
		{9818945E-D227-4553-BADF-AAB8EB58DA03}.Release|Any CPU.Build.0 = Release|Any CPU
	EndGlobalSection
	GlobalSection(SolutionProperties) = preSolution
		HideSolutionNode = FALSE
	EndGlobalSection
	GlobalSection(ExtensibilityGlobals) = postSolution
		SolutionGuid = {2A663722-DDC8-486A-9CB2-88FE2D2D0F35}
	EndGlobalSection
	GlobalSection(NestedProjects) = preSolution
		{CF03BC35-345D-4518-95D4-026A456110C5} = {3FF331AE-17F5-451B-86B4-C1765F081544}
	EndGlobalSection
EndGlobal
